// !$*UTF8*$!
{
	archiveVersion = 1;
	classes = {
	};
	objectVersion = 46;
	objects = {

/* Begin PBXBuildFile section */
		2E9445908B981E835048E9C1 /* Functional.h in Headers */ = {isa = PBXBuildFile; fileRef = 2E9445117CB4940A1280A764 /* Functional.h */; settings = {ATTRIBUTES = (Public, ); }; };
		2E9449D40A2EDE2F3103139C /* NSArray+Additions.m in Sources */ = {isa = PBXBuildFile; fileRef = 2E9444B5D875EC68251299E7 /* NSArray+Additions.m */; };
		2E944E3E4F86FC10914C16E5 /* NSArray+Additions.h in Headers */ = {isa = PBXBuildFile; fileRef = 2E944534E479F7A63285E01A /* NSArray+Additions.h */; settings = {ATTRIBUTES = (Public, ); }; };
		453C3A961AFABE700025F59F /* NSArray+Functional.h in Headers */ = {isa = PBXBuildFile; fileRef = 453C3A941AFABE700025F59F /* NSArray+Functional.h */; settings = {ATTRIBUTES = (Public, ); }; };
		453C3A971AFABE700025F59F /* NSArray+Functional.m in Sources */ = {isa = PBXBuildFile; fileRef = 453C3A951AFABE700025F59F /* NSArray+Functional.m */; };
		45BADE691C14E87300902AFB /* Kiwi.framework in CopyFiles */ = {isa = PBXBuildFile; fileRef = 45E1B1FD1C1490A50038F6AD /* Kiwi.framework */; settings = {ATTRIBUTES = (CodeSignOnCopy, RemoveHeadersOnCopy, ); }; };
		45BADE6A1C14E8B700902AFB /* Functional.framework in CopyFiles */ = {isa = PBXBuildFile; fileRef = 2E94464B919ECE536BABA562 /* Functional.framework */; settings = {ATTRIBUTES = (CodeSignOnCopy, RemoveHeadersOnCopy, ); }; };
		45E1B1FE1C1490A50038F6AD /* Kiwi.framework in Frameworks */ = {isa = PBXBuildFile; fileRef = 45E1B1FD1C1490A50038F6AD /* Kiwi.framework */; };
		45F8F1711B3DD5D600DB233E /* Functional.framework in Frameworks */ = {isa = PBXBuildFile; fileRef = 2E94464B919ECE536BABA562 /* Functional.framework */; };
		45F8F1781B3DD69400DB233E /* NSArrayFunctionalSpec.m in Sources */ = {isa = PBXBuildFile; fileRef = 45F8F1771B3DD69400DB233E /* NSArrayFunctionalSpec.m */; };
/* End PBXBuildFile section */

/* Begin PBXContainerItemProxy section */
		45F8F1721B3DD5D600DB233E /* PBXContainerItemProxy */ = {
			isa = PBXContainerItemProxy;
			containerPortal = 2E944137D8CA5479F07D8151 /* Project object */;
			proxyType = 1;
			remoteGlobalIDString = 2E944F0CA6FEFDBBC12E5252;
			remoteInfo = Functional;
		};
/* End PBXContainerItemProxy section */

/* Begin PBXCopyFilesBuildPhase section */
		45BADE681C14E86400902AFB /* CopyFiles */ = {
			isa = PBXCopyFilesBuildPhase;
			buildActionMask = 2147483647;
			dstPath = "";
			dstSubfolderSpec = 10;
			files = (
				45BADE6A1C14E8B700902AFB /* Functional.framework in CopyFiles */,
				45BADE691C14E87300902AFB /* Kiwi.framework in CopyFiles */,
			);
			runOnlyForDeploymentPostprocessing = 0;
		};
/* End PBXCopyFilesBuildPhase section */

/* Begin PBXFileReference section */
		2E9444B5D875EC68251299E7 /* NSArray+Additions.m */ = {isa = PBXFileReference; fileEncoding = 4; lastKnownFileType = sourcecode.c.objc; path = "NSArray+Additions.m"; sourceTree = "<group>"; };
		2E9445117CB4940A1280A764 /* Functional.h */ = {isa = PBXFileReference; lastKnownFileType = sourcecode.c.h; path = Functional.h; sourceTree = "<group>"; };
		2E944534E479F7A63285E01A /* NSArray+Additions.h */ = {isa = PBXFileReference; fileEncoding = 4; lastKnownFileType = sourcecode.c.h; path = "NSArray+Additions.h"; sourceTree = "<group>"; };
		2E94464B919ECE536BABA562 /* Functional.framework */ = {isa = PBXFileReference; explicitFileType = wrapper.framework; includeInIndex = 0; path = Functional.framework; sourceTree = BUILT_PRODUCTS_DIR; };
		2E944EC5F4DC60873D1D9252 /* Info.plist */ = {isa = PBXFileReference; lastKnownFileType = text.plist.info; path = Info.plist; sourceTree = "<group>"; };
		453C3A941AFABE700025F59F /* NSArray+Functional.h */ = {isa = PBXFileReference; fileEncoding = 4; lastKnownFileType = sourcecode.c.h; path = "NSArray+Functional.h"; sourceTree = "<group>"; };
		453C3A951AFABE700025F59F /* NSArray+Functional.m */ = {isa = PBXFileReference; fileEncoding = 4; lastKnownFileType = sourcecode.c.objc; path = "NSArray+Functional.m"; sourceTree = "<group>"; };
		45E1B1FD1C1490A50038F6AD /* Kiwi.framework */ = {isa = PBXFileReference; lastKnownFileType = wrapper.framework; name = Kiwi.framework; path = Carthage/Build/iOS/Kiwi.framework; sourceTree = "<group>"; };
		45F8F16B1B3DD5D600DB233E /* Functional-iOSTests.xctest */ = {isa = PBXFileReference; explicitFileType = wrapper.cfbundle; includeInIndex = 0; path = "Functional-iOSTests.xctest"; sourceTree = BUILT_PRODUCTS_DIR; };
		45F8F16E1B3DD5D600DB233E /* Info.plist */ = {isa = PBXFileReference; lastKnownFileType = text.plist.xml; path = Info.plist; sourceTree = "<group>"; };
		45F8F1771B3DD69400DB233E /* NSArrayFunctionalSpec.m */ = {isa = PBXFileReference; fileEncoding = 4; lastKnownFileType = sourcecode.c.objc; path = NSArrayFunctionalSpec.m; sourceTree = "<group>"; };
/* End PBXFileReference section */

/* Begin PBXFrameworksBuildPhase section */
		2E94485CB55D9A5F9DE92B21 /* Frameworks */ = {
			isa = PBXFrameworksBuildPhase;
			buildActionMask = 2147483647;
			files = (
			);
			runOnlyForDeploymentPostprocessing = 0;
		};
		45F8F1681B3DD5D600DB233E /* Frameworks */ = {
			isa = PBXFrameworksBuildPhase;
			buildActionMask = 2147483647;
			files = (
				45E1B1FE1C1490A50038F6AD /* Kiwi.framework in Frameworks */,
				45F8F1711B3DD5D600DB233E /* Functional.framework in Frameworks */,
			);
			runOnlyForDeploymentPostprocessing = 0;
		};
/* End PBXFrameworksBuildPhase section */

/* Begin PBXGroup section */
		0C1BF82F74FCFF448DB8DD7F /* Frameworks */ = {
			isa = PBXGroup;
			children = (
				45E1B1FD1C1490A50038F6AD /* Kiwi.framework */,
			);
			name = Frameworks;
			sourceTree = "<group>";
		};
		2E9443EFE0F1315714227CF5 = {
			isa = PBXGroup;
			children = (
				45F8F16C1B3DD5D600DB233E /* Tests */,
				2E944A7A7AEAEF9A15F9F9D8 /* Products */,
				2E9449382F89A5B361F811FD /* Functional */,
				0C1BF82F74FCFF448DB8DD7F /* Frameworks */,
			);
			sourceTree = "<group>";
		};
		2E9449382F89A5B361F811FD /* Functional */ = {
			isa = PBXGroup;
			children = (
				2E944F5EBA348EE53553495D /* Supporting Files */,
				2E9445117CB4940A1280A764 /* Functional.h */,
				453C3A941AFABE700025F59F /* NSArray+Functional.h */,
				453C3A951AFABE700025F59F /* NSArray+Functional.m */,
				2E9444B5D875EC68251299E7 /* NSArray+Additions.m */,
				2E944534E479F7A63285E01A /* NSArray+Additions.h */,
			);
			path = Functional;
			sourceTree = "<group>";
		};
		2E944A7A7AEAEF9A15F9F9D8 /* Products */ = {
			isa = PBXGroup;
			children = (
				2E94464B919ECE536BABA562 /* Functional.framework */,
				45F8F16B1B3DD5D600DB233E /* Functional-iOSTests.xctest */,
			);
			name = Products;
			sourceTree = "<group>";
		};
		2E944F5EBA348EE53553495D /* Supporting Files */ = {
			isa = PBXGroup;
			children = (
				2E944EC5F4DC60873D1D9252 /* Info.plist */,
			);
			name = "Supporting Files";
			sourceTree = "<group>";
		};
		45F8F16C1B3DD5D600DB233E /* Tests */ = {
			isa = PBXGroup;
			children = (
				45F8F16D1B3DD5D600DB233E /* Supporting Files */,
				45F8F1771B3DD69400DB233E /* NSArrayFunctionalSpec.m */,
			);
			path = Tests;
			sourceTree = "<group>";
		};
		45F8F16D1B3DD5D600DB233E /* Supporting Files */ = {
			isa = PBXGroup;
			children = (
				45F8F16E1B3DD5D600DB233E /* Info.plist */,
			);
			name = "Supporting Files";
			sourceTree = "<group>";
		};
/* End PBXGroup section */

/* Begin PBXHeadersBuildPhase section */
		2E9446D4B0B4DDC0DF19E392 /* Headers */ = {
			isa = PBXHeadersBuildPhase;
			buildActionMask = 2147483647;
			files = (
				2E944E3E4F86FC10914C16E5 /* NSArray+Additions.h in Headers */,
				453C3A961AFABE700025F59F /* NSArray+Functional.h in Headers */,
				2E9445908B981E835048E9C1 /* Functional.h in Headers */,
			);
			runOnlyForDeploymentPostprocessing = 0;
		};
/* End PBXHeadersBuildPhase section */

/* Begin PBXNativeTarget section */
		2E944F0CA6FEFDBBC12E5252 /* Functional-iOS */ = {
			isa = PBXNativeTarget;
			buildConfigurationList = 2E94403EF76E396358629A8E /* Build configuration list for PBXNativeTarget "Functional-iOS" */;
			buildPhases = (
				2E944F30B91533F0AE616E4E /* Sources */,
				2E94485CB55D9A5F9DE92B21 /* Frameworks */,
				2E9446D4B0B4DDC0DF19E392 /* Headers */,
				2E944759308A12DB6A39F0B1 /* Resources */,
			);
			buildRules = (
			);
			dependencies = (
			);
			name = "Functional-iOS";
			productName = Functional;
			productReference = 2E94464B919ECE536BABA562 /* Functional.framework */;
			productType = "com.apple.product-type.framework";
		};
		45F8F16A1B3DD5D600DB233E /* Functional-iOSTests */ = {
			isa = PBXNativeTarget;
			buildConfigurationList = 45F8F1761B3DD5D600DB233E /* Build configuration list for PBXNativeTarget "Functional-iOSTests" */;
			buildPhases = (
				45F8F1671B3DD5D600DB233E /* Sources */,
				45F8F1681B3DD5D600DB233E /* Frameworks */,
				45F8F1691B3DD5D600DB233E /* Resources */,
				45BADE681C14E86400902AFB /* CopyFiles */,
			);
			buildRules = (
			);
			dependencies = (
				45F8F1731B3DD5D600DB233E /* PBXTargetDependency */,
			);
			name = "Functional-iOSTests";
			productName = Tests;
			productReference = 45F8F16B1B3DD5D600DB233E /* Functional-iOSTests.xctest */;
			productType = "com.apple.product-type.bundle.unit-test";
		};
/* End PBXNativeTarget section */

/* Begin PBXProject section */
		2E944137D8CA5479F07D8151 /* Project object */ = {
			isa = PBXProject;
			attributes = {
				LastUpgradeCheck = 0710;
				ORGANIZATIONNAME = "D. K.";
				TargetAttributes = {
					45F8F16A1B3DD5D600DB233E = {
						CreatedOnToolsVersion = 6.3.2;
					};
				};
			};
			buildConfigurationList = 2E94454503EE606DBB39D917 /* Build configuration list for PBXProject "Functional" */;
			compatibilityVersion = "Xcode 3.2";
			developmentRegion = English;
			hasScannedForEncodings = 0;
			knownRegions = (
				en,
			);
			mainGroup = 2E9443EFE0F1315714227CF5;
			productRefGroup = 2E944A7A7AEAEF9A15F9F9D8 /* Products */;
			projectDirPath = "";
			projectRoot = "";
			targets = (
				2E944F0CA6FEFDBBC12E5252 /* Functional-iOS */,
				45F8F16A1B3DD5D600DB233E /* Functional-iOSTests */,
			);
		};
/* End PBXProject section */

/* Begin PBXResourcesBuildPhase section */
		2E944759308A12DB6A39F0B1 /* Resources */ = {
			isa = PBXResourcesBuildPhase;
			buildActionMask = 2147483647;
			files = (
			);
			runOnlyForDeploymentPostprocessing = 0;
		};
		45F8F1691B3DD5D600DB233E /* Resources */ = {
			isa = PBXResourcesBuildPhase;
			buildActionMask = 2147483647;
			files = (
			);
			runOnlyForDeploymentPostprocessing = 0;
		};
/* End PBXResourcesBuildPhase section */

/* Begin PBXSourcesBuildPhase section */
		2E944F30B91533F0AE616E4E /* Sources */ = {
			isa = PBXSourcesBuildPhase;
			buildActionMask = 2147483647;
			files = (
				453C3A971AFABE700025F59F /* NSArray+Functional.m in Sources */,
				2E9449D40A2EDE2F3103139C /* NSArray+Additions.m in Sources */,
			);
			runOnlyForDeploymentPostprocessing = 0;
		};
		45F8F1671B3DD5D600DB233E /* Sources */ = {
			isa = PBXSourcesBuildPhase;
			buildActionMask = 2147483647;
			files = (
				45F8F1781B3DD69400DB233E /* NSArrayFunctionalSpec.m in Sources */,
			);
			runOnlyForDeploymentPostprocessing = 0;
		};
/* End PBXSourcesBuildPhase section */

/* Begin PBXTargetDependency section */
		45F8F1731B3DD5D600DB233E /* PBXTargetDependency */ = {
			isa = PBXTargetDependency;
			target = 2E944F0CA6FEFDBBC12E5252 /* Functional-iOS */;
			targetProxy = 45F8F1721B3DD5D600DB233E /* PBXContainerItemProxy */;
		};
/* End PBXTargetDependency section */

/* Begin XCBuildConfiguration section */
		2E944121C50561975232B5DB /* Release */ = {
			isa = XCBuildConfiguration;
			buildSettings = {
				ALWAYS_SEARCH_USER_PATHS = NO;
				CLANG_CXX_LANGUAGE_STANDARD = "gnu++0x";
				CLANG_CXX_LIBRARY = "libc++";
				CLANG_ENABLE_MODULES = YES;
				CLANG_ENABLE_OBJC_ARC = YES;
				CLANG_WARN_BOOL_CONVERSION = YES;
				CLANG_WARN_CONSTANT_CONVERSION = YES;
				CLANG_WARN_DIRECT_OBJC_ISA_USAGE = YES_ERROR;
				CLANG_WARN_EMPTY_BODY = YES;
				CLANG_WARN_ENUM_CONVERSION = YES;
				CLANG_WARN_INT_CONVERSION = YES;
				CLANG_WARN_OBJC_ROOT_CLASS = YES_ERROR;
				CLANG_WARN_UNREACHABLE_CODE = YES;
				CLANG_WARN__DUPLICATE_METHOD_MATCH = YES;
				"CODE_SIGN_IDENTITY[sdk=iphoneos*]" = "iPhone Developer";
				COPY_PHASE_STRIP = NO;
				CURRENT_PROJECT_VERSION = 1;
				DEBUG_INFORMATION_FORMAT = "dwarf-with-dsym";
				ENABLE_NS_ASSERTIONS = NO;
				ENABLE_STRICT_OBJC_MSGSEND = YES;
				GCC_C_LANGUAGE_STANDARD = gnu99;
				GCC_NO_COMMON_BLOCKS = YES;
				GCC_WARN_64_TO_32_BIT_CONVERSION = YES;
				GCC_WARN_ABOUT_RETURN_TYPE = YES_ERROR;
				GCC_WARN_UNDECLARED_SELECTOR = YES;
				GCC_WARN_UNINITIALIZED_AUTOS = YES_AGGRESSIVE;
				GCC_WARN_UNUSED_FUNCTION = YES;
				GCC_WARN_UNUSED_VARIABLE = YES;
				IPHONEOS_DEPLOYMENT_TARGET = 9.1;
				MTL_ENABLE_DEBUG_INFO = NO;
				SDKROOT = iphoneos;
				TARGETED_DEVICE_FAMILY = "1,2";
				VALIDATE_PRODUCT = YES;
				VERSIONING_SYSTEM = "apple-generic";
				VERSION_INFO_PREFIX = "";
			};
			name = Release;
		};
		2E94412AD87FD48272F55BF5 /* Debug */ = {
			isa = XCBuildConfiguration;
			buildSettings = {
				ALWAYS_SEARCH_USER_PATHS = NO;
				CLANG_CXX_LANGUAGE_STANDARD = "gnu++0x";
				CLANG_CXX_LIBRARY = "libc++";
				CLANG_ENABLE_MODULES = YES;
				CLANG_ENABLE_OBJC_ARC = YES;
				CLANG_WARN_BOOL_CONVERSION = YES;
				CLANG_WARN_CONSTANT_CONVERSION = YES;
				CLANG_WARN_DIRECT_OBJC_ISA_USAGE = YES_ERROR;
				CLANG_WARN_EMPTY_BODY = YES;
				CLANG_WARN_ENUM_CONVERSION = YES;
				CLANG_WARN_INT_CONVERSION = YES;
				CLANG_WARN_OBJC_ROOT_CLASS = YES_ERROR;
				CLANG_WARN_UNREACHABLE_CODE = YES;
				CLANG_WARN__DUPLICATE_METHOD_MATCH = YES;
				"CODE_SIGN_IDENTITY[sdk=iphoneos*]" = "iPhone Developer";
				COPY_PHASE_STRIP = NO;
				CURRENT_PROJECT_VERSION = 1;
				DEBUG_INFORMATION_FORMAT = "dwarf-with-dsym";
				ENABLE_STRICT_OBJC_MSGSEND = YES;
				ENABLE_TESTABILITY = YES;
				GCC_C_LANGUAGE_STANDARD = gnu99;
				GCC_DYNAMIC_NO_PIC = NO;
				GCC_NO_COMMON_BLOCKS = YES;
				GCC_OPTIMIZATION_LEVEL = 0;
				GCC_PREPROCESSOR_DEFINITIONS = (
					"DEBUG=1",
					"$(inherited)",
				);
				GCC_SYMBOLS_PRIVATE_EXTERN = NO;
				GCC_WARN_64_TO_32_BIT_CONVERSION = YES;
				GCC_WARN_ABOUT_RETURN_TYPE = YES_ERROR;
				GCC_WARN_UNDECLARED_SELECTOR = YES;
				GCC_WARN_UNINITIALIZED_AUTOS = YES_AGGRESSIVE;
				GCC_WARN_UNUSED_FUNCTION = YES;
				GCC_WARN_UNUSED_VARIABLE = YES;
				IPHONEOS_DEPLOYMENT_TARGET = 9.1;
				MTL_ENABLE_DEBUG_INFO = YES;
				ONLY_ACTIVE_ARCH = YES;
				SDKROOT = iphoneos;
				TARGETED_DEVICE_FAMILY = "1,2";
				VERSIONING_SYSTEM = "apple-generic";
				VERSION_INFO_PREFIX = "";
			};
			name = Debug;
		};
		2E94495AF291F71468207E30 /* Release */ = {
			isa = XCBuildConfiguration;
			buildSettings = {
				DEFINES_MODULE = YES;
				DYLIB_COMPATIBILITY_VERSION = 1;
				DYLIB_CURRENT_VERSION = 1;
				DYLIB_INSTALL_NAME_BASE = "@rpath";
				INFOPLIST_FILE = Functional/Info.plist;
				INSTALL_PATH = "$(LOCAL_LIBRARY_DIR)/Frameworks";
				IPHONEOS_DEPLOYMENT_TARGET = 9.1;
				LD_RUNPATH_SEARCH_PATHS = "$(inherited) @executable_path/Frameworks @loader_path/Frameworks";
				PRODUCT_BUNDLE_IDENTIFIER = "com.functional.id.$(PRODUCT_NAME:rfc1034identifier)";
				PRODUCT_NAME = "$(PROJECT_NAME)";
				SKIP_INSTALL = YES;
			};
			name = Release;
		};
		2E944DD316F6CDD6280C14BC /* Debug */ = {
			isa = XCBuildConfiguration;
			buildSettings = {
				DEFINES_MODULE = YES;
				DYLIB_COMPATIBILITY_VERSION = 1;
				DYLIB_CURRENT_VERSION = 1;
				DYLIB_INSTALL_NAME_BASE = "@rpath";
				INFOPLIST_FILE = Functional/Info.plist;
				INSTALL_PATH = "$(LOCAL_LIBRARY_DIR)/Frameworks";
				IPHONEOS_DEPLOYMENT_TARGET = 9.1;
				LD_RUNPATH_SEARCH_PATHS = "$(inherited) @executable_path/Frameworks @loader_path/Frameworks";
				PRODUCT_BUNDLE_IDENTIFIER = "com.functional.id.$(PRODUCT_NAME:rfc1034identifier)";
				PRODUCT_NAME = "$(PROJECT_NAME)";
				SKIP_INSTALL = YES;
			};
			name = Debug;
		};
		45F8F1741B3DD5D600DB233E /* Debug */ = {
			isa = XCBuildConfiguration;
			buildSettings = {
				FRAMEWORK_SEARCH_PATHS = (
					"$(inherited)",
					"$(PROJECT_DIR)/Carthage/Build/iOS",
				);
				GCC_PREPROCESSOR_DEFINITIONS = (
					"DEBUG=1",
					"$(inherited)",
				);
				INFOPLIST_FILE = Tests/Info.plist;
				LD_RUNPATH_SEARCH_PATHS = "$(inherited) @executable_path/Frameworks @loader_path/Frameworks";
				PRODUCT_BUNDLE_IDENTIFIER = "com.functionalkit.id.$(PRODUCT_NAME:rfc1034identifier)";
				PRODUCT_NAME = "$(TARGET_NAME)";
			};
			name = Debug;
		};
		45F8F1751B3DD5D600DB233E /* Release */ = {
			isa = XCBuildConfiguration;
			buildSettings = {
				FRAMEWORK_SEARCH_PATHS = (
					"$(inherited)",
					"$(PROJECT_DIR)/Carthage/Build/iOS",
				);
				INFOPLIST_FILE = Tests/Info.plist;
				LD_RUNPATH_SEARCH_PATHS = "$(inherited) @executable_path/Frameworks @loader_path/Frameworks";
				PRODUCT_BUNDLE_IDENTIFIER = "com.functionalkit.id.$(PRODUCT_NAME:rfc1034identifier)";
				PRODUCT_NAME = "$(TARGET_NAME)";
			};
			name = Release;
		};
/* End XCBuildConfiguration section */

/* Begin XCConfigurationList section */
		2E94403EF76E396358629A8E /* Build configuration list for PBXNativeTarget "Functional-iOS" */ = {
			isa = XCConfigurationList;
			buildConfigurations = (
				2E944DD316F6CDD6280C14BC /* Debug */,
				2E94495AF291F71468207E30 /* Release */,
			);
			defaultConfigurationIsVisible = 0;
			defaultConfigurationName = Release;
		};
		2E94454503EE606DBB39D917 /* Build configuration list for PBXProject "Functional" */ = {
			isa = XCConfigurationList;
			buildConfigurations = (
				2E94412AD87FD48272F55BF5 /* Debug */,
				2E944121C50561975232B5DB /* Release */,
			);
			defaultConfigurationIsVisible = 0;
			defaultConfigurationName = Release;
		};
		45F8F1761B3DD5D600DB233E /* Build configuration list for PBXNativeTarget "Functional-iOSTests" */ = {
			isa = XCConfigurationList;
			buildConfigurations = (
				45F8F1741B3DD5D600DB233E /* Debug */,
				45F8F1751B3DD5D600DB233E /* Release */,
			);
			defaultConfigurationIsVisible = 0;
			defaultConfigurationName = Release;
		};
/* End XCConfigurationList section */
	};
	rootObject = 2E944137D8CA5479F07D8151 /* Project object */;
}
